// !$*UTF8*$!
{
	archiveVersion = 1;
	classes = {
	};
	objectVersion = 50;
	objects = {

/* Begin PBXBuildFile section */
		CEE5138A242916AD00743E33 /* AppDelegate.swift in Sources */ = {isa = PBXBuildFile; fileRef = CEE51389242916AD00743E33 /* AppDelegate.swift */; };
		CEE5138C242916AD00743E33 /* SceneDelegate.swift in Sources */ = {isa = PBXBuildFile; fileRef = CEE5138B242916AD00743E33 /* SceneDelegate.swift */; };
		CEE5138E242916AD00743E33 /* CreateTaskViewController.swift in Sources */ = {isa = PBXBuildFile; fileRef = CEE5138D242916AD00743E33 /* CreateTaskViewController.swift */; };
		CEE51391242916AD00743E33 /* Main.storyboard in Resources */ = {isa = PBXBuildFile; fileRef = CEE5138F242916AD00743E33 /* Main.storyboard */; };
		CEE51393242916AF00743E33 /* Assets.xcassets in Resources */ = {isa = PBXBuildFile; fileRef = CEE51392242916AF00743E33 /* Assets.xcassets */; };
		CEE51396242916AF00743E33 /* LaunchScreen.storyboard in Resources */ = {isa = PBXBuildFile; fileRef = CEE51394242916AF00743E33 /* LaunchScreen.storyboard */; };
		CEE5139E2429244000743E33 /* TasksTableViewController.swift in Sources */ = {isa = PBXBuildFile; fileRef = CEE5139D2429244000743E33 /* TasksTableViewController.swift */; };
		CEE513A02429246600743E33 /* TaskTableViewCell.swift in Sources */ = {isa = PBXBuildFile; fileRef = CEE5139F2429246600743E33 /* TaskTableViewCell.swift */; };
		CEE513A32429249E00743E33 /* Tasks.xcdatamodeld in Sources */ = {isa = PBXBuildFile; fileRef = CEE513A12429249E00743E33 /* Tasks.xcdatamodeld */; };
		CEE513A5242924CA00743E33 /* CoreDataStack.swift in Sources */ = {isa = PBXBuildFile; fileRef = CEE513A4242924CA00743E33 /* CoreDataStack.swift */; };
		CEE513A7242924FE00743E33 /* Task+Convenience.swift in Sources */ = {isa = PBXBuildFile; fileRef = CEE513A6242924FE00743E33 /* Task+Convenience.swift */; };
/* End PBXBuildFile section */

/* Begin PBXFileReference section */
		CEE51386242916AD00743E33 /* Tasks.app */ = {isa = PBXFileReference; explicitFileType = wrapper.application; includeInIndex = 0; path = Tasks.app; sourceTree = BUILT_PRODUCTS_DIR; };
		CEE51389242916AD00743E33 /* AppDelegate.swift */ = {isa = PBXFileReference; lastKnownFileType = sourcecode.swift; path = AppDelegate.swift; sourceTree = "<group>"; };
		CEE5138B242916AD00743E33 /* SceneDelegate.swift */ = {isa = PBXFileReference; lastKnownFileType = sourcecode.swift; path = SceneDelegate.swift; sourceTree = "<group>"; };
		CEE5138D242916AD00743E33 /* CreateTaskViewController.swift */ = {isa = PBXFileReference; lastKnownFileType = sourcecode.swift; path = CreateTaskViewController.swift; sourceTree = "<group>"; };
		CEE51390242916AD00743E33 /* Base */ = {isa = PBXFileReference; lastKnownFileType = file.storyboard; name = Base; path = Base.lproj/Main.storyboard; sourceTree = "<group>"; };
		CEE51392242916AF00743E33 /* Assets.xcassets */ = {isa = PBXFileReference; lastKnownFileType = folder.assetcatalog; path = Assets.xcassets; sourceTree = "<group>"; };
		CEE51395242916AF00743E33 /* Base */ = {isa = PBXFileReference; lastKnownFileType = file.storyboard; name = Base; path = Base.lproj/LaunchScreen.storyboard; sourceTree = "<group>"; };
		CEE51397242916AF00743E33 /* Info.plist */ = {isa = PBXFileReference; lastKnownFileType = text.plist.xml; path = Info.plist; sourceTree = "<group>"; };
		CEE5139D2429244000743E33 /* TasksTableViewController.swift */ = {isa = PBXFileReference; lastKnownFileType = sourcecode.swift; path = TasksTableViewController.swift; sourceTree = "<group>"; };
		CEE5139F2429246600743E33 /* TaskTableViewCell.swift */ = {isa = PBXFileReference; lastKnownFileType = sourcecode.swift; path = TaskTableViewCell.swift; sourceTree = "<group>"; };
		CEE513A22429249E00743E33 /* Tasks.xcdatamodel */ = {isa = PBXFileReference; lastKnownFileType = wrapper.xcdatamodel; path = Tasks.xcdatamodel; sourceTree = "<group>"; };
		CEE513A4242924CA00743E33 /* CoreDataStack.swift */ = {isa = PBXFileReference; lastKnownFileType = sourcecode.swift; path = CoreDataStack.swift; sourceTree = "<group>"; };
		CEE513A6242924FE00743E33 /* Task+Convenience.swift */ = {isa = PBXFileReference; lastKnownFileType = sourcecode.swift; path = "Task+Convenience.swift"; sourceTree = "<group>"; };
/* End PBXFileReference section */

/* Begin PBXFrameworksBuildPhase section */
		CEE51383242916AD00743E33 /* Frameworks */ = {
			isa = PBXFrameworksBuildPhase;
			buildActionMask = 2147483647;
			files = (
			);
			runOnlyForDeploymentPostprocessing = 0;
		};
/* End PBXFrameworksBuildPhase section */

/* Begin PBXGroup section */
		CEE5137D242916AD00743E33 = {
			isa = PBXGroup;
			children = (
				CEE51388242916AD00743E33 /* Tasks */,
				CEE51387242916AD00743E33 /* Products */,
			);
			sourceTree = "<group>";
		};
		CEE51387242916AD00743E33 /* Products */ = {
			isa = PBXGroup;
			children = (
				CEE51386242916AD00743E33 /* Tasks.app */,
			);
			name = Products;
			sourceTree = "<group>";
		};
		CEE51388242916AD00743E33 /* Tasks */ = {
			isa = PBXGroup;
			children = (
				CEE513AC242925A100743E33 /* Application */,
				CEE513A92429255900743E33 /* View Controllers */,
				CEE513AA2429257000743E33 /* Views */,
				CEE513A82429254500743E33 /* Models */,
				CEE513AB2429258C00743E33 /* Storyboards */,
				CEE51392242916AF00743E33 /* Assets.xcassets */,
				CEE51397242916AF00743E33 /* Info.plist */,
			);
			path = Tasks;
			sourceTree = "<group>";
		};
		CEE513A82429254500743E33 /* Models */ = {
			isa = PBXGroup;
			children = (
				CEE513A12429249E00743E33 /* Tasks.xcdatamodeld */,
				CEE513A6242924FE00743E33 /* Task+Convenience.swift */,
				CEE513A4242924CA00743E33 /* CoreDataStack.swift */,
			);
			path = Models;
			sourceTree = "<group>";
		};
		CEE513A92429255900743E33 /* View Controllers */ = {
			isa = PBXGroup;
			children = (
				CEE5139D2429244000743E33 /* TasksTableViewController.swift */,
				CEE5138D242916AD00743E33 /* CreateTaskViewController.swift */,
			);
			path = "View Controllers";
			sourceTree = "<group>";
		};
		CEE513AA2429257000743E33 /* Views */ = {
			isa = PBXGroup;
			children = (
				CEE5139F2429246600743E33 /* TaskTableViewCell.swift */,
			);
			path = Views;
			sourceTree = "<group>";
		};
		CEE513AB2429258C00743E33 /* Storyboards */ = {
			isa = PBXGroup;
			children = (
				CEE5138F242916AD00743E33 /* Main.storyboard */,
				CEE51394242916AF00743E33 /* LaunchScreen.storyboard */,
			);
			path = Storyboards;
			sourceTree = "<group>";
		};
		CEE513AC242925A100743E33 /* Application */ = {
			isa = PBXGroup;
			children = (
				CEE51389242916AD00743E33 /* AppDelegate.swift */,
				CEE5138B242916AD00743E33 /* SceneDelegate.swift */,
			);
			path = Application;
			sourceTree = "<group>";
		};
/* End PBXGroup section */

/* Begin PBXNativeTarget section */
		CEE51385242916AD00743E33 /* Tasks */ = {
			isa = PBXNativeTarget;
			buildConfigurationList = CEE5139A242916AF00743E33 /* Build configuration list for PBXNativeTarget "Tasks" */;
			buildPhases = (
				CEE51382242916AD00743E33 /* Sources */,
				CEE51383242916AD00743E33 /* Frameworks */,
				CEE51384242916AD00743E33 /* Resources */,
			);
			buildRules = (
			);
			dependencies = (
			);
			name = Tasks;
			productName = Tasks;
			productReference = CEE51386242916AD00743E33 /* Tasks.app */;
			productType = "com.apple.product-type.application";
		};
/* End PBXNativeTarget section */

/* Begin PBXProject section */
		CEE5137E242916AD00743E33 /* Project object */ = {
			isa = PBXProject;
			attributes = {
				LastSwiftUpdateCheck = 1130;
				LastUpgradeCheck = 1130;
				ORGANIZATIONNAME = "Lambda School";
				TargetAttributes = {
					CEE51385242916AD00743E33 = {
						CreatedOnToolsVersion = 11.3.1;
					};
				};
			};
			buildConfigurationList = CEE51381242916AD00743E33 /* Build configuration list for PBXProject "Tasks" */;
			compatibilityVersion = "Xcode 9.3";
			developmentRegion = en;
			hasScannedForEncodings = 0;
			knownRegions = (
				en,
				Base,
			);
			mainGroup = CEE5137D242916AD00743E33;
			productRefGroup = CEE51387242916AD00743E33 /* Products */;
			projectDirPath = "";
			projectRoot = "";
			targets = (
				CEE51385242916AD00743E33 /* Tasks */,
			);
		};
/* End PBXProject section */

/* Begin PBXResourcesBuildPhase section */
		CEE51384242916AD00743E33 /* Resources */ = {
			isa = PBXResourcesBuildPhase;
			buildActionMask = 2147483647;
			files = (
				CEE51396242916AF00743E33 /* LaunchScreen.storyboard in Resources */,
				CEE51393242916AF00743E33 /* Assets.xcassets in Resources */,
				CEE51391242916AD00743E33 /* Main.storyboard in Resources */,
			);
			runOnlyForDeploymentPostprocessing = 0;
		};
/* End PBXResourcesBuildPhase section */

/* Begin PBXSourcesBuildPhase section */
		CEE51382242916AD00743E33 /* Sources */ = {
			isa = PBXSourcesBuildPhase;
			buildActionMask = 2147483647;
			files = (
				CEE513A5242924CA00743E33 /* CoreDataStack.swift in Sources */,
				CEE5138E242916AD00743E33 /* CreateTaskViewController.swift in Sources */,
				CEE5138A242916AD00743E33 /* AppDelegate.swift in Sources */,
				CEE513A32429249E00743E33 /* Tasks.xcdatamodeld in Sources */,
				CEE513A7242924FE00743E33 /* Task+Convenience.swift in Sources */,
				CEE513A02429246600743E33 /* TaskTableViewCell.swift in Sources */,
				CEE5139E2429244000743E33 /* TasksTableViewController.swift in Sources */,
				CEE5138C242916AD00743E33 /* SceneDelegate.swift in Sources */,
			);
			runOnlyForDeploymentPostprocessing = 0;
		};
/* End PBXSourcesBuildPhase section */

/* Begin PBXVariantGroup section */
		CEE5138F242916AD00743E33 /* Main.storyboard */ = {
			isa = PBXVariantGroup;
			children = (
				CEE51390242916AD00743E33 /* Base */,
			);
			name = Main.storyboard;
			sourceTree = "<group>";
		};
		CEE51394242916AF00743E33 /* LaunchScreen.storyboard */ = {
			isa = PBXVariantGroup;
			children = (
				CEE51395242916AF00743E33 /* Base */,
			);
			name = LaunchScreen.storyboard;
			sourceTree = "<group>";
		};
/* End PBXVariantGroup section */

/* Begin XCBuildConfiguration section */
		CEE51398242916AF00743E33 /* Debug */ = {
			isa = XCBuildConfiguration;
			buildSettings = {
				ALWAYS_SEARCH_USER_PATHS = NO;
				CLANG_ANALYZER_NONNULL = YES;
				CLANG_ANALYZER_NUMBER_OBJECT_CONVERSION = YES_AGGRESSIVE;
				CLANG_CXX_LANGUAGE_STANDARD = "gnu++14";
				CLANG_CXX_LIBRARY = "libc++";
				CLANG_ENABLE_MODULES = YES;
				CLANG_ENABLE_OBJC_ARC = YES;
				CLANG_ENABLE_OBJC_WEAK = YES;
				CLANG_WARN_BLOCK_CAPTURE_AUTORELEASING = YES;
				CLANG_WARN_BOOL_CONVERSION = YES;
				CLANG_WARN_COMMA = YES;
				CLANG_WARN_CONSTANT_CONVERSION = YES;
				CLANG_WARN_DEPRECATED_OBJC_IMPLEMENTATIONS = YES;
				CLANG_WARN_DIRECT_OBJC_ISA_USAGE = YES_ERROR;
				CLANG_WARN_DOCUMENTATION_COMMENTS = YES;
				CLANG_WARN_EMPTY_BODY = YES;
				CLANG_WARN_ENUM_CONVERSION = YES;
				CLANG_WARN_INFINITE_RECURSION = YES;
				CLANG_WARN_INT_CONVERSION = YES;
				CLANG_WARN_NON_LITERAL_NULL_CONVERSION = YES;
				CLANG_WARN_OBJC_IMPLICIT_RETAIN_SELF = YES;
				CLANG_WARN_OBJC_LITERAL_CONVERSION = YES;
				CLANG_WARN_OBJC_ROOT_CLASS = YES_ERROR;
				CLANG_WARN_RANGE_LOOP_ANALYSIS = YES;
				CLANG_WARN_STRICT_PROTOTYPES = YES;
				CLANG_WARN_SUSPICIOUS_MOVE = YES;
				CLANG_WARN_UNGUARDED_AVAILABILITY = YES_AGGRESSIVE;
				CLANG_WARN_UNREACHABLE_CODE = YES;
				CLANG_WARN__DUPLICATE_METHOD_MATCH = YES;
				COPY_PHASE_STRIP = NO;
				DEBUG_INFORMATION_FORMAT = dwarf;
				ENABLE_STRICT_OBJC_MSGSEND = YES;
				ENABLE_TESTABILITY = YES;
				GCC_C_LANGUAGE_STANDARD = gnu11;
				GCC_DYNAMIC_NO_PIC = NO;
				GCC_NO_COMMON_BLOCKS = YES;
				GCC_OPTIMIZATION_LEVEL = 0;
				GCC_PREPROCESSOR_DEFINITIONS = (
					"DEBUG=1",
					"$(inherited)",
				);
				GCC_WARN_64_TO_32_BIT_CONVERSION = YES;
				GCC_WARN_ABOUT_RETURN_TYPE = YES_ERROR;
				GCC_WARN_UNDECLARED_SELECTOR = YES;
				GCC_WARN_UNINITIALIZED_AUTOS = YES_AGGRESSIVE;
				GCC_WARN_UNUSED_FUNCTION = YES;
				GCC_WARN_UNUSED_VARIABLE = YES;
				IPHONEOS_DEPLOYMENT_TARGET = 13.2;
				MTL_ENABLE_DEBUG_INFO = INCLUDE_SOURCE;
				MTL_FAST_MATH = YES;
				ONLY_ACTIVE_ARCH = YES;
				SDKROOT = iphoneos;
				SWIFT_ACTIVE_COMPILATION_CONDITIONS = DEBUG;
				SWIFT_OPTIMIZATION_LEVEL = "-Onone";
			};
			name = Debug;
		};
		CEE51399242916AF00743E33 /* Release */ = {
			isa = XCBuildConfiguration;
			buildSettings = {
				ALWAYS_SEARCH_USER_PATHS = NO;
				CLANG_ANALYZER_NONNULL = YES;
				CLANG_ANALYZER_NUMBER_OBJECT_CONVERSION = YES_AGGRESSIVE;
				CLANG_CXX_LANGUAGE_STANDARD = "gnu++14";
				CLANG_CXX_LIBRARY = "libc++";
				CLANG_ENABLE_MODULES = YES;
				CLANG_ENABLE_OBJC_ARC = YES;
				CLANG_ENABLE_OBJC_WEAK = YES;
				CLANG_WARN_BLOCK_CAPTURE_AUTORELEASING = YES;
				CLANG_WARN_BOOL_CONVERSION = YES;
				CLANG_WARN_COMMA = YES;
				CLANG_WARN_CONSTANT_CONVERSION = YES;
				CLANG_WARN_DEPRECATED_OBJC_IMPLEMENTATIONS = YES;
				CLANG_WARN_DIRECT_OBJC_ISA_USAGE = YES_ERROR;
				CLANG_WARN_DOCUMENTATION_COMMENTS = YES;
				CLANG_WARN_EMPTY_BODY = YES;
				CLANG_WARN_ENUM_CONVERSION = YES;
				CLANG_WARN_INFINITE_RECURSION = YES;
				CLANG_WARN_INT_CONVERSION = YES;
				CLANG_WARN_NON_LITERAL_NULL_CONVERSION = YES;
				CLANG_WARN_OBJC_IMPLICIT_RETAIN_SELF = YES;
				CLANG_WARN_OBJC_LITERAL_CONVERSION = YES;
				CLANG_WARN_OBJC_ROOT_CLASS = YES_ERROR;
				CLANG_WARN_RANGE_LOOP_ANALYSIS = YES;
				CLANG_WARN_STRICT_PROTOTYPES = YES;
				CLANG_WARN_SUSPICIOUS_MOVE = YES;
				CLANG_WARN_UNGUARDED_AVAILABILITY = YES_AGGRESSIVE;
				CLANG_WARN_UNREACHABLE_CODE = YES;
				CLANG_WARN__DUPLICATE_METHOD_MATCH = YES;
				COPY_PHASE_STRIP = NO;
				DEBUG_INFORMATION_FORMAT = "dwarf-with-dsym";
				ENABLE_NS_ASSERTIONS = NO;
				ENABLE_STRICT_OBJC_MSGSEND = YES;
				GCC_C_LANGUAGE_STANDARD = gnu11;
				GCC_NO_COMMON_BLOCKS = YES;
				GCC_WARN_64_TO_32_BIT_CONVERSION = YES;
				GCC_WARN_ABOUT_RETURN_TYPE = YES_ERROR;
				GCC_WARN_UNDECLARED_SELECTOR = YES;
				GCC_WARN_UNINITIALIZED_AUTOS = YES_AGGRESSIVE;
				GCC_WARN_UNUSED_FUNCTION = YES;
				GCC_WARN_UNUSED_VARIABLE = YES;
				IPHONEOS_DEPLOYMENT_TARGET = 13.2;
				MTL_ENABLE_DEBUG_INFO = NO;
				MTL_FAST_MATH = YES;
				SDKROOT = iphoneos;
				SWIFT_COMPILATION_MODE = wholemodule;
				SWIFT_OPTIMIZATION_LEVEL = "-O";
				VALIDATE_PRODUCT = YES;
			};
			name = Release;
		};
		CEE5139B242916AF00743E33 /* Debug */ = {
			isa = XCBuildConfiguration;
			buildSettings = {
				ASSETCATALOG_COMPILER_APPICON_NAME = AppIcon;
				CODE_SIGN_STYLE = Automatic;
				INFOPLIST_FILE = Tasks/Info.plist;
				LD_RUNPATH_SEARCH_PATHS = (
					"$(inherited)",
					"@executable_path/Frameworks",
				);
				PRODUCT_BUNDLE_IDENTIFIER = com.lambdaschool.Tasks;
				PRODUCT_NAME = "$(TARGET_NAME)";
				SWIFT_VERSION = 5.0;
				TARGETED_DEVICE_FAMILY = "1,2";
			};
			name = Debug;
		};
		CEE5139C242916AF00743E33 /* Release */ = {
			isa = XCBuildConfiguration;
			buildSettings = {
				ASSETCATALOG_COMPILER_APPICON_NAME = AppIcon;
				CODE_SIGN_STYLE = Automatic;
				INFOPLIST_FILE = Tasks/Info.plist;
				LD_RUNPATH_SEARCH_PATHS = (
					"$(inherited)",
					"@executable_path/Frameworks",
				);
				PRODUCT_BUNDLE_IDENTIFIER = com.lambdaschool.Tasks;
				PRODUCT_NAME = "$(TARGET_NAME)";
				SWIFT_VERSION = 5.0;
				TARGETED_DEVICE_FAMILY = "1,2";
			};
			name = Release;
		};
/* End XCBuildConfiguration section */

/* Begin XCConfigurationList section */
		CEE51381242916AD00743E33 /* Build configuration list for PBXProject "Tasks" */ = {
			isa = XCConfigurationList;
			buildConfigurations = (
				CEE51398242916AF00743E33 /* Debug */,
				CEE51399242916AF00743E33 /* Release */,
			);
			defaultConfigurationIsVisible = 0;
			defaultConfigurationName = Release;
		};
		CEE5139A242916AF00743E33 /* Build configuration list for PBXNativeTarget "Tasks" */ = {
			isa = XCConfigurationList;
			buildConfigurations = (
				CEE5139B242916AF00743E33 /* Debug */,
				CEE5139C242916AF00743E33 /* Release */,
			);
			defaultConfigurationIsVisible = 0;
			defaultConfigurationName = Release;
		};
/* End XCConfigurationList section */

/* Begin XCVersionGroup section */
		CEE513A12429249E00743E33 /* Tasks.xcdatamodeld */ = {
			isa = XCVersionGroup;
			children = (
				CEE513A22429249E00743E33 /* Tasks.xcdatamodel */,
			);
			currentVersion = CEE513A22429249E00743E33 /* Tasks.xcdatamodel */;
			path = Tasks.xcdatamodeld;
			sourceTree = "<group>";
			versionGroupType = wrapper.xcdatamodel;
		};
/* End XCVersionGroup section */
	};
	rootObject = CEE5137E242916AD00743E33 /* Project object */;
}
